{
    "hash": "83dcb7c8480cac0eebbca8f6a5237b17",
    "packages": [
        {
            "package": "florianwolters/component-core-hashcode",
            "version": "v0.1.0-beta"
        }
    ],
    "packages-dev": null,
    "aliases": [

    ],
    "minimum-stability": "stable",
    "stability-flags": {
        "florianwolters/component-core-hashcode": 10
    }
}
